PODS:
  - ISO8601DateFormatter (0.8)
  - MBProgressHUD (1.0.0)

DEPENDENCIES:
  - ISO8601DateFormatter (~> 0.8)
  - MBProgressHUD

SPEC CHECKSUMS:
  ISO8601DateFormatter: 4551b6ce4f83185425f583b0b3feb3c7b59b942c
  MBProgressHUD: 4890f671c94e8a0f3cf959aa731e9de2f036d71a

PODFILE CHECKSUM: cbbafe422d32ea37057547cd531e2837967083cf

COCOAPODS: 1.2.1
